
Microsoft Visual Studio Solution File, Format Version 12.00
# Visual Studio Version 16
VisualStudioVersion = 16.0.31205.134
MinimumVisualStudioVersion = 10.0.40219.1
Project("{FAE04EC0-301F-11D3-BF4B-00C04F79EFBC}") = "Poistring Example", "Poistring Example.csproj", "{55742578-E321-4420-BB3D-07B727CA482D}"
EndProject
Global
	GlobalSection(SolutionConfigurationPlatforms) = preSolution
		Debug|Any CPU = Debug|Any CPU
		Release|Any CPU = Release|Any CPU
	EndGlobalSection
	GlobalSection(ProjectConfigurationPlatforms) = postSolution
		{55742578-E321-4420-BB3D-07B727CA482D}.Debug|Any CPU.ActiveCfg = Debug|Any CPU
		{55742578-E321-4420-BB3D-07B727CA482D}.Debug|Any CPU.Build.0 = Debug|Any CPU
		{55742578-E321-4420-BB3D-07B727CA482D}.Release|Any CPU.ActiveCfg = Release|Any CPU
		{55742578-E321-4420-BB3D-07B727CA482D}.Release|Any CPU.Build.0 = Release|Any CPU
	EndGlobalSection
	GlobalSection(SolutionProperties) = preSolution
		HideSolutionNode = FALSE
	EndGlobalSection
	GlobalSection(ExtensibilityGlobals) = postSolution
		SolutionGuid = {7F1E1C52-7538-44AD-9372-AD131FC13382}
	EndGlobalSection
EndGlobal
